Microsoft Visual Studio Solution File, Format Version 12.00
# Visual Studio Version 17
VisualStudioVersion = 17.5.2.0
MinimumVisualStudioVersion = 10.0.40219.1
Project("{FAE04EC0-301F-11D3-BF4B-00C04F79EFBC}") = "FatFullVersion", "FatFullVersion\FatFullVersion.csproj", "{E3EEE104-E09F-721E-18E9-65C7CB6AE25B}"
EndProject
Project("{FAE04EC0-301F-11D3-BF4B-00C04F79EFBC}") = "FatFullVersion.Core", "FatFullVersion.Core\FatFullVersion.Core.csproj", "{67796CAA-00E8-0507-B1A0-85A1581D3704}"
EndProject
Global
	GlobalSection(SolutionConfigurationPlatforms) = preSolution
		Debug|Any CPU = Debug|Any CPU
		Release|Any CPU = Release|Any CPU
	EndGlobalSection
	GlobalSection(ProjectConfigurationPlatforms) = postSolution
		{E3EEE104-E09F-721E-18E9-65C7CB6AE25B}.Debug|Any CPU.ActiveCfg = Debug|Any CPU
		{E3EEE104-E09F-721E-18E9-65C7CB6AE25B}.Debug|Any CPU.Build.0 = Debug|Any CPU
		{E3EEE104-E09F-721E-18E9-65C7CB6AE25B}.Release|Any CPU.ActiveCfg = Release|Any CPU
		{E3EEE104-E09F-721E-18E9-65C7CB6AE25B}.Release|Any CPU.Build.0 = Release|Any CPU
		{67796CAA-00E8-0507-B1A0-85A1581D3704}.Debug|Any CPU.ActiveCfg = Debug|Any CPU
		{67796CAA-00E8-0507-B1A0-85A1581D3704}.Debug|Any CPU.Build.0 = Debug|Any CPU
		{67796CAA-00E8-0507-B1A0-85A1581D3704}.Release|Any CPU.ActiveCfg = Release|Any CPU
		{67796CAA-00E8-0507-B1A0-85A1581D3704}.Release|Any CPU.Build.0 = Release|Any CPU
	EndGlobalSection
	GlobalSection(SolutionProperties) = preSolution
		HideSolutionNode = FALSE
	EndGlobalSection
	GlobalSection(ExtensibilityGlobals) = postSolution
		SolutionGuid = {31414C08-5F83-4B72-89EF-7379B912D491}
	EndGlobalSection
EndGlobal
